
Microsoft Visual Studio Solution File, Format Version 12.00
# Visual Studio Version 17
VisualStudioVersion = 17.8.34316.72
MinimumVisualStudioVersion = 10.0.40219.1
Project("{FAE04EC0-301F-11D3-BF4B-00C04F79EFBC}") = "Windows Priority Manager", "Windows Priority Manager.csproj", "{CE294FC7-C25D-42F2-971F-A418DEBD6A58}"
EndProject
Global
	GlobalSection(SolutionConfigurationPlatforms) = preSolution
		Debug|Any CPU = Debug|Any CPU
		Release|Any CPU = Release|Any CPU
	EndGlobalSection
	GlobalSection(ProjectConfigurationPlatforms) = postSolution
		{CE294FC7-C25D-42F2-971F-A418DEBD6A58}.Debug|Any CPU.ActiveCfg = Debug|Any CPU
		{CE294FC7-C25D-42F2-971F-A418DEBD6A58}.Debug|Any CPU.Build.0 = Debug|Any CPU
		{CE294FC7-C25D-42F2-971F-A418DEBD6A58}.Release|Any CPU.ActiveCfg = Release|Any CPU
		{CE294FC7-C25D-42F2-971F-A418DEBD6A58}.Release|Any CPU.Build.0 = Release|Any CPU
	EndGlobalSection
	GlobalSection(SolutionProperties) = preSolution
		HideSolutionNode = FALSE
	EndGlobalSection
	GlobalSection(ExtensibilityGlobals) = postSolution
		SolutionGuid = {3E18419B-6C7F-4AD3-BCDA-ACCA228424F0}
	EndGlobalSection
EndGlobal
